// !$*UTF8*$!
{
	archiveVersion = 1;
	classes = {
	};
	objectVersion = 55;
	objects = {

/* Begin PBXBuildFile section */
		82BBCC542817E17C00BE450A /* AppDelegate.swift in Sources */ = {isa = PBXBuildFile; fileRef = 82BBCC532817E17C00BE450A /* AppDelegate.swift */; };
		82BBCC562817E17C00BE450A /* SceneDelegate.swift in Sources */ = {isa = PBXBuildFile; fileRef = 82BBCC552817E17C00BE450A /* SceneDelegate.swift */; };
		82BBCC5B2817E17C00BE450A /* Main.storyboard in Resources */ = {isa = PBXBuildFile; fileRef = 82BBCC592817E17C00BE450A /* Main.storyboard */; };
		82BBCC5D2817E17D00BE450A /* Assets.xcassets in Resources */ = {isa = PBXBuildFile; fileRef = 82BBCC5C2817E17D00BE450A /* Assets.xcassets */; };
		82BBCC602817E17D00BE450A /* LaunchScreen.storyboard in Resources */ = {isa = PBXBuildFile; fileRef = 82BBCC5E2817E17D00BE450A /* LaunchScreen.storyboard */; };
		82BBCC6C28180E8F00BE450A /* SetTaskViewController.swift in Sources */ = {isa = PBXBuildFile; fileRef = 82BBCC6B28180E8F00BE450A /* SetTaskViewController.swift */; };
		82BBCC702818C0A100BE450A /* NavigationManager.swift in Sources */ = {isa = PBXBuildFile; fileRef = 82BBCC6F2818C0A100BE450A /* NavigationManager.swift */; };
		82BBCC732818EE7F00BE450A /* View Controller.swift in Sources */ = {isa = PBXBuildFile; fileRef = 82BBCC722818EE7F00BE450A /* View Controller.swift */; };
		82BBCC752819A34600BE450A /* UserDefault.swift in Sources */ = {isa = PBXBuildFile; fileRef = 82BBCC742819A34600BE450A /* UserDefault.swift */; };
		82BBCC772819C1D700BE450A /* TimeViewController.swift in Sources */ = {isa = PBXBuildFile; fileRef = 82BBCC762819C1D700BE450A /* TimeViewController.swift */; };
		82BBCC79281A883D00BE450A /* TableViewCell.swift in Sources */ = {isa = PBXBuildFile; fileRef = 82BBCC78281A883D00BE450A /* TableViewCell.swift */; };
/* End PBXBuildFile section */

/* Begin PBXFileReference section */
		82BBCC502817E17C00BE450A /* COBA2.app */ = {isa = PBXFileReference; explicitFileType = wrapper.application; includeInIndex = 0; path = COBA2.app; sourceTree = BUILT_PRODUCTS_DIR; };
		82BBCC532817E17C00BE450A /* AppDelegate.swift */ = {isa = PBXFileReference; lastKnownFileType = sourcecode.swift; path = AppDelegate.swift; sourceTree = "<group>"; };
		82BBCC552817E17C00BE450A /* SceneDelegate.swift */ = {isa = PBXFileReference; lastKnownFileType = sourcecode.swift; path = SceneDelegate.swift; sourceTree = "<group>"; };
		82BBCC5A2817E17C00BE450A /* Base */ = {isa = PBXFileReference; lastKnownFileType = file.storyboard; name = Base; path = Base.lproj/Main.storyboard; sourceTree = "<group>"; };
		82BBCC5C2817E17D00BE450A /* Assets.xcassets */ = {isa = PBXFileReference; lastKnownFileType = folder.assetcatalog; path = Assets.xcassets; sourceTree = "<group>"; };
		82BBCC5F2817E17D00BE450A /* Base */ = {isa = PBXFileReference; lastKnownFileType = file.storyboard; name = Base; path = Base.lproj/LaunchScreen.storyboard; sourceTree = "<group>"; };
		82BBCC612817E17D00BE450A /* Info.plist */ = {isa = PBXFileReference; lastKnownFileType = text.plist.xml; path = Info.plist; sourceTree = "<group>"; };
		82BBCC6B28180E8F00BE450A /* SetTaskViewController.swift */ = {isa = PBXFileReference; lastKnownFileType = sourcecode.swift; path = SetTaskViewController.swift; sourceTree = "<group>"; };
		82BBCC6F2818C0A100BE450A /* NavigationManager.swift */ = {isa = PBXFileReference; lastKnownFileType = sourcecode.swift; path = NavigationManager.swift; sourceTree = "<group>"; };
		82BBCC722818EE7F00BE450A /* View Controller.swift */ = {isa = PBXFileReference; lastKnownFileType = sourcecode.swift; path = "View Controller.swift"; sourceTree = "<group>"; };
		82BBCC742819A34600BE450A /* UserDefault.swift */ = {isa = PBXFileReference; lastKnownFileType = sourcecode.swift; path = UserDefault.swift; sourceTree = "<group>"; };
		82BBCC762819C1D700BE450A /* TimeViewController.swift */ = {isa = PBXFileReference; lastKnownFileType = sourcecode.swift; path = TimeViewController.swift; sourceTree = "<group>"; };
		82BBCC78281A883D00BE450A /* TableViewCell.swift */ = {isa = PBXFileReference; lastKnownFileType = sourcecode.swift; path = TableViewCell.swift; sourceTree = "<group>"; };
/* End PBXFileReference section */

/* Begin PBXFrameworksBuildPhase section */
		82BBCC4D2817E17C00BE450A /* Frameworks */ = {
			isa = PBXFrameworksBuildPhase;
			buildActionMask = 2147483647;
			files = (
			);
			runOnlyForDeploymentPostprocessing = 0;
		};
/* End PBXFrameworksBuildPhase section */

/* Begin PBXGroup section */
		82BBCC472817E17C00BE450A = {
			isa = PBXGroup;
			children = (
				82BBCC522817E17C00BE450A /* COBA2 */,
				82BBCC512817E17C00BE450A /* Products */,
			);
			sourceTree = "<group>";
		};
		82BBCC512817E17C00BE450A /* Products */ = {
			isa = PBXGroup;
			children = (
				82BBCC502817E17C00BE450A /* COBA2.app */,
			);
			name = Products;
			sourceTree = "<group>";
		};
		82BBCC522817E17C00BE450A /* COBA2 */ = {
			isa = PBXGroup;
			children = (
				82BBCC712818C13800BE450A /* New Group */,
				82BBCC532817E17C00BE450A /* AppDelegate.swift */,
				82BBCC552817E17C00BE450A /* SceneDelegate.swift */,
				82BBCC592817E17C00BE450A /* Main.storyboard */,
				82BBCC78281A883D00BE450A /* TableViewCell.swift */,
				82BBCC722818EE7F00BE450A /* View Controller.swift */,
				82BBCC762819C1D700BE450A /* TimeViewController.swift */,
				82BBCC6B28180E8F00BE450A /* SetTaskViewController.swift */,
				82BBCC5C2817E17D00BE450A /* Assets.xcassets */,
				82BBCC5E2817E17D00BE450A /* LaunchScreen.storyboard */,
				82BBCC612817E17D00BE450A /* Info.plist */,
			);
			path = COBA2;
			sourceTree = "<group>";
		};
		82BBCC712818C13800BE450A /* New Group */ = {
			isa = PBXGroup;
			children = (
				82BBCC6F2818C0A100BE450A /* NavigationManager.swift */,
				82BBCC742819A34600BE450A /* UserDefault.swift */,
			);
			path = "New Group";
			sourceTree = "<group>";
		};
/* End PBXGroup section */

/* Begin PBXNativeTarget section */
		82BBCC4F2817E17C00BE450A /* COBA2 */ = {
			isa = PBXNativeTarget;
			buildConfigurationList = 82BBCC642817E17D00BE450A /* Build configuration list for PBXNativeTarget "COBA2" */;
			buildPhases = (
				82BBCC4C2817E17C00BE450A /* Sources */,
				82BBCC4D2817E17C00BE450A /* Frameworks */,
				82BBCC4E2817E17C00BE450A /* Resources */,
			);
			buildRules = (
			);
			dependencies = (
			);
			name = COBA2;
			productName = COBA2;
			productReference = 82BBCC502817E17C00BE450A /* COBA2.app */;
			productType = "com.apple.product-type.application";
		};
/* End PBXNativeTarget section */

/* Begin PBXProject section */
		82BBCC482817E17C00BE450A /* Project object */ = {
			isa = PBXProject;
			attributes = {
				BuildIndependentTargetsInParallel = 1;
				LastSwiftUpdateCheck = 1330;
				LastUpgradeCheck = 1330;
				TargetAttributes = {
					82BBCC4F2817E17C00BE450A = {
						CreatedOnToolsVersion = 13.3.1;
					};
				};
			};
			buildConfigurationList = 82BBCC4B2817E17C00BE450A /* Build configuration list for PBXProject "COBA2" */;
			compatibilityVersion = "Xcode 13.0";
			developmentRegion = en;
			hasScannedForEncodings = 0;
			knownRegions = (
				en,
				Base,
			);
			mainGroup = 82BBCC472817E17C00BE450A;
			productRefGroup = 82BBCC512817E17C00BE450A /* Products */;
			projectDirPath = "";
			projectRoot = "";
			targets = (
				82BBCC4F2817E17C00BE450A /* COBA2 */,
			);
		};
/* End PBXProject section */

/* Begin PBXResourcesBuildPhase section */
		82BBCC4E2817E17C00BE450A /* Resources */ = {
			isa = PBXResourcesBuildPhase;
			buildActionMask = 2147483647;
			files = (
				82BBCC602817E17D00BE450A /* LaunchScreen.storyboard in Resources */,
				82BBCC5D2817E17D00BE450A /* Assets.xcassets in Resources */,
				82BBCC5B2817E17C00BE450A /* Main.storyboard in Resources */,
			);
			runOnlyForDeploymentPostprocessing = 0;
		};
/* End PBXResourcesBuildPhase section */

/* Begin PBXSourcesBuildPhase section */
		82BBCC4C2817E17C00BE450A /* Sources */ = {
			isa = PBXSourcesBuildPhase;
			buildActionMask = 2147483647;
			files = (
				82BBCC752819A34600BE450A /* UserDefault.swift in Sources */,
				82BBCC79281A883D00BE450A /* TableViewCell.swift in Sources */,
				82BBCC732818EE7F00BE450A /* View Controller.swift in Sources */,
				82BBCC6C28180E8F00BE450A /* SetTaskViewController.swift in Sources */,
				82BBCC542817E17C00BE450A /* AppDelegate.swift in Sources */,
				82BBCC772819C1D700BE450A /* TimeViewController.swift in Sources */,
				82BBCC562817E17C00BE450A /* SceneDelegate.swift in Sources */,
				82BBCC702818C0A100BE450A /* NavigationManager.swift in Sources */,
			);
			runOnlyForDeploymentPostprocessing = 0;
		};
/* End PBXSourcesBuildPhase section */

/* Begin PBXVariantGroup section */
		82BBCC592817E17C00BE450A /* Main.storyboard */ = {
			isa = PBXVariantGroup;
			children = (
				82BBCC5A2817E17C00BE450A /* Base */,
			);
			name = Main.storyboard;
			sourceTree = "<group>";
		};
		82BBCC5E2817E17D00BE450A /* LaunchScreen.storyboard */ = {
			isa = PBXVariantGroup;
			children = (
				82BBCC5F2817E17D00BE450A /* Base */,
			);
			name = LaunchScreen.storyboard;
			sourceTree = "<group>";
		};
/* End PBXVariantGroup section */

/* Begin XCBuildConfiguration section */
		82BBCC622817E17D00BE450A /* Debug */ = {
			isa = XCBuildConfiguration;
			buildSettings = {
				ALWAYS_SEARCH_USER_PATHS = NO;
				CLANG_ANALYZER_NONNULL = YES;
				CLANG_ANALYZER_NUMBER_OBJECT_CONVERSION = YES_AGGRESSIVE;
				CLANG_CXX_LANGUAGE_STANDARD = "gnu++17";
				CLANG_ENABLE_MODULES = YES;
				CLANG_ENABLE_OBJC_ARC = YES;
				CLANG_ENABLE_OBJC_WEAK = YES;
				CLANG_WARN_BLOCK_CAPTURE_AUTORELEASING = YES;
				CLANG_WARN_BOOL_CONVERSION = YES;
				CLANG_WARN_COMMA = YES;
				CLANG_WARN_CONSTANT_CONVERSION = YES;
				CLANG_WARN_DEPRECATED_OBJC_IMPLEMENTATIONS = YES;
				CLANG_WARN_DIRECT_OBJC_ISA_USAGE = YES_ERROR;
				CLANG_WARN_DOCUMENTATION_COMMENTS = YES;
				CLANG_WARN_EMPTY_BODY = YES;
				CLANG_WARN_ENUM_CONVERSION = YES;
				CLANG_WARN_INFINITE_RECURSION = YES;
				CLANG_WARN_INT_CONVERSION = YES;
				CLANG_WARN_NON_LITERAL_NULL_CONVERSION = YES;
				CLANG_WARN_OBJC_IMPLICIT_RETAIN_SELF = YES;
				CLANG_WARN_OBJC_LITERAL_CONVERSION = YES;
				CLANG_WARN_OBJC_ROOT_CLASS = YES_ERROR;
				CLANG_WARN_QUOTED_INCLUDE_IN_FRAMEWORK_HEADER = YES;
				CLANG_WARN_RANGE_LOOP_ANALYSIS = YES;
				CLANG_WARN_STRICT_PROTOTYPES = YES;
				CLANG_WARN_SUSPICIOUS_MOVE = YES;
				CLANG_WARN_UNGUARDED_AVAILABILITY = YES_AGGRESSIVE;
				CLANG_WARN_UNREACHABLE_CODE = YES;
				CLANG_WARN__DUPLICATE_METHOD_MATCH = YES;
				COPY_PHASE_STRIP = NO;
				DEBUG_INFORMATION_FORMAT = dwarf;
				ENABLE_STRICT_OBJC_MSGSEND = YES;
				ENABLE_TESTABILITY = YES;
				GCC_C_LANGUAGE_STANDARD = gnu11;
				GCC_DYNAMIC_NO_PIC = NO;
				GCC_NO_COMMON_BLOCKS = YES;
				GCC_OPTIMIZATION_LEVEL = 0;
				GCC_PREPROCESSOR_DEFINITIONS = (
					"DEBUG=1",
					"$(inherited)",
				);
				GCC_WARN_64_TO_32_BIT_CONVERSION = YES;
				GCC_WARN_ABOUT_RETURN_TYPE = YES_ERROR;
				GCC_WARN_UNDECLARED_SELECTOR = YES;
				GCC_WARN_UNINITIALIZED_AUTOS = YES_AGGRESSIVE;
				GCC_WARN_UNUSED_FUNCTION = YES;
				GCC_WARN_UNUSED_VARIABLE = YES;
				IPHONEOS_DEPLOYMENT_TARGET = 15.4;
				MTL_ENABLE_DEBUG_INFO = INCLUDE_SOURCE;
				MTL_FAST_MATH = YES;
				ONLY_ACTIVE_ARCH = YES;
				SDKROOT = iphoneos;
				SWIFT_ACTIVE_COMPILATION_CONDITIONS = DEBUG;
				SWIFT_OPTIMIZATION_LEVEL = "-Onone";
			};
			name = Debug;
		};
		82BBCC632817E17D00BE450A /* Release */ = {
			isa = XCBuildConfiguration;
			buildSettings = {
				ALWAYS_SEARCH_USER_PATHS = NO;
				CLANG_ANALYZER_NONNULL = YES;
				CLANG_ANALYZER_NUMBER_OBJECT_CONVERSION = YES_AGGRESSIVE;
				CLANG_CXX_LANGUAGE_STANDARD = "gnu++17";
				CLANG_ENABLE_MODULES = YES;
				CLANG_ENABLE_OBJC_ARC = YES;
				CLANG_ENABLE_OBJC_WEAK = YES;
				CLANG_WARN_BLOCK_CAPTURE_AUTORELEASING = YES;
				CLANG_WARN_BOOL_CONVERSION = YES;
				CLANG_WARN_COMMA = YES;
				CLANG_WARN_CONSTANT_CONVERSION = YES;
				CLANG_WARN_DEPRECATED_OBJC_IMPLEMENTATIONS = YES;
				CLANG_WARN_DIRECT_OBJC_ISA_USAGE = YES_ERROR;
				CLANG_WARN_DOCUMENTATION_COMMENTS = YES;
				CLANG_WARN_EMPTY_BODY = YES;
				CLANG_WARN_ENUM_CONVERSION = YES;
				CLANG_WARN_INFINITE_RECURSION = YES;
				CLANG_WARN_INT_CONVERSION = YES;
				CLANG_WARN_NON_LITERAL_NULL_CONVERSION = YES;
				CLANG_WARN_OBJC_IMPLICIT_RETAIN_SELF = YES;
				CLANG_WARN_OBJC_LITERAL_CONVERSION = YES;
				CLANG_WARN_OBJC_ROOT_CLASS = YES_ERROR;
				CLANG_WARN_QUOTED_INCLUDE_IN_FRAMEWORK_HEADER = YES;
				CLANG_WARN_RANGE_LOOP_ANALYSIS = YES;
				CLANG_WARN_STRICT_PROTOTYPES = YES;
				CLANG_WARN_SUSPICIOUS_MOVE = YES;
				CLANG_WARN_UNGUARDED_AVAILABILITY = YES_AGGRESSIVE;
				CLANG_WARN_UNREACHABLE_CODE = YES;
				CLANG_WARN__DUPLICATE_METHOD_MATCH = YES;
				COPY_PHASE_STRIP = NO;
				DEBUG_INFORMATION_FORMAT = "dwarf-with-dsym";
				ENABLE_NS_ASSERTIONS = NO;
				ENABLE_STRICT_OBJC_MSGSEND = YES;
				GCC_C_LANGUAGE_STANDARD = gnu11;
				GCC_NO_COMMON_BLOCKS = YES;
				GCC_WARN_64_TO_32_BIT_CONVERSION = YES;
				GCC_WARN_ABOUT_RETURN_TYPE = YES_ERROR;
				GCC_WARN_UNDECLARED_SELECTOR = YES;
				GCC_WARN_UNINITIALIZED_AUTOS = YES_AGGRESSIVE;
				GCC_WARN_UNUSED_FUNCTION = YES;
				GCC_WARN_UNUSED_VARIABLE = YES;
				IPHONEOS_DEPLOYMENT_TARGET = 15.4;
				MTL_ENABLE_DEBUG_INFO = NO;
				MTL_FAST_MATH = YES;
				SDKROOT = iphoneos;
				SWIFT_COMPILATION_MODE = wholemodule;
				SWIFT_OPTIMIZATION_LEVEL = "-O";
				VALIDATE_PRODUCT = YES;
			};
			name = Release;
		};
		82BBCC652817E17D00BE450A /* Debug */ = {
			isa = XCBuildConfiguration;
			buildSettings = {
				ASSETCATALOG_COMPILER_APPICON_NAME = AppIcon;
				ASSETCATALOG_COMPILER_GLOBAL_ACCENT_COLOR_NAME = AccentColor;
				CODE_SIGN_STYLE = Automatic;
				CURRENT_PROJECT_VERSION = 1;
				GENERATE_INFOPLIST_FILE = YES;
				INFOPLIST_FILE = COBA2/Info.plist;
				INFOPLIST_KEY_UIApplicationSupportsIndirectInputEvents = YES;
				INFOPLIST_KEY_UILaunchStoryboardName = LaunchScreen;
				INFOPLIST_KEY_UIMainStoryboardFile = Main;
				INFOPLIST_KEY_UISupportedInterfaceOrientations_iPad = "UIInterfaceOrientationPortrait UIInterfaceOrientationPortraitUpsideDown UIInterfaceOrientationLandscapeLeft UIInterfaceOrientationLandscapeRight";
				INFOPLIST_KEY_UISupportedInterfaceOrientations_iPhone = "UIInterfaceOrientationPortrait UIInterfaceOrientationLandscapeLeft UIInterfaceOrientationLandscapeRight";
				LD_RUNPATH_SEARCH_PATHS = (
					"$(inherited)",
					"@executable_path/Frameworks",
				);
				MARKETING_VERSION = 1.0;
				PRODUCT_BUNDLE_IDENTIFIER = "com.example.apple-samplecode.COBA2";
				PRODUCT_NAME = "$(TARGET_NAME)";
				SWIFT_EMIT_LOC_STRINGS = YES;
				SWIFT_VERSION = 5.0;
				TARGETED_DEVICE_FAMILY = "1,2";
			};
			name = Debug;
		};
		82BBCC662817E17D00BE450A /* Release */ = {
			isa = XCBuildConfiguration;
			buildSettings = {
				ASSETCATALOG_COMPILER_APPICON_NAME = AppIcon;
				ASSETCATALOG_COMPILER_GLOBAL_ACCENT_COLOR_NAME = AccentColor;
				CODE_SIGN_STYLE = Automatic;
				CURRENT_PROJECT_VERSION = 1;
				GENERATE_INFOPLIST_FILE = YES;
				INFOPLIST_FILE = COBA2/Info.plist;
				INFOPLIST_KEY_UIApplicationSupportsIndirectInputEvents = YES;
				INFOPLIST_KEY_UILaunchStoryboardName = LaunchScreen;
				INFOPLIST_KEY_UIMainStoryboardFile = Main;
				INFOPLIST_KEY_UISupportedInterfaceOrientations_iPad = "UIInterfaceOrientationPortrait UIInterfaceOrientationPortraitUpsideDown UIInterfaceOrientationLandscapeLeft UIInterfaceOrientationLandscapeRight";
				INFOPLIST_KEY_UISupportedInterfaceOrientations_iPhone = "UIInterfaceOrientationPortrait UIInterfaceOrientationLandscapeLeft UIInterfaceOrientationLandscapeRight";
				LD_RUNPATH_SEARCH_PATHS = (
					"$(inherited)",
					"@executable_path/Frameworks",
				);
				MARKETING_VERSION = 1.0;
				PRODUCT_BUNDLE_IDENTIFIER = "com.example.apple-samplecode.COBA2";
				PRODUCT_NAME = "$(TARGET_NAME)";
				SWIFT_EMIT_LOC_STRINGS = YES;
				SWIFT_VERSION = 5.0;
				TARGETED_DEVICE_FAMILY = "1,2";
			};
			name = Release;
		};
/* End XCBuildConfiguration section */

/* Begin XCConfigurationList section */
		82BBCC4B2817E17C00BE450A /* Build configuration list for PBXProject "COBA2" */ = {
			isa = XCConfigurationList;
			buildConfigurations = (
				82BBCC622817E17D00BE450A /* Debug */,
				82BBCC632817E17D00BE450A /* Release */,
			);
			defaultConfigurationIsVisible = 0;
			defaultConfigurationName = Release;
		};
		82BBCC642817E17D00BE450A /* Build configuration list for PBXNativeTarget "COBA2" */ = {
			isa = XCConfigurationList;
			buildConfigurations = (
				82BBCC652817E17D00BE450A /* Debug */,
				82BBCC662817E17D00BE450A /* Release */,
			);
			defaultConfigurationIsVisible = 0;
			defaultConfigurationName = Release;
		};
/* End XCConfigurationList section */
	};
	rootObject = 82BBCC482817E17C00BE450A /* Project object */;
}
